{
	"name": "entry",
	"version": "0.1.0",
	"lockfileVersion": 2,
	"requires": true,
	"packages": {
		"": {
			"version": "0.1.0",
			"license": "MIT",
			"devDependencies": {
				"chalk": "^4.1.0",
				"rollup": "^1.26.3"
			}
		},
		"node_modules/@types/estree": {
			"version": "0.0.46",
			"resolved": "https://registry.npm.taobao.org/@types/estree/download/@types/estree-0.0.46.tgz?cache=0&sync_timestamp=1613378493125&other_urls=https%3A%2F%2Fregistry.npm.taobao.org%2F%40types%2Festree%2Fdownload%2F%40types%2Festree-0.0.46.tgz",
			"integrity": "sha1-D7a/u+q9ejCIBQSZM2nEvx3qsf4=",
			"dev": true
		},
		"node_modules/@types/node": {
			"version": "14.14.35",
			"resolved": "https://registry.npm.taobao.org/@types/node/download/@types/node-14.14.35.tgz",
			"integrity": "sha1-QslTpOKxirkx9yR35wEhcvT/oxM=",
			"dev": true
		},
		"node_modules/acorn": {
			"version": "7.4.1",
			"resolved": "https://registry.npm.taobao.org/acorn/download/acorn-7.4.1.tgz?cache=0&sync_timestamp=1615305874483&other_urls=https%3A%2F%2Fregistry.npm.taobao.org%2Facorn%2Fdownload%2Facorn-7.4.1.tgz",
			"integrity": "sha1-/q7SVZc9LndVW4PbwIhRpsY1IPo=",
			"dev": true,
			"bin": {
				"acorn": "bin/acorn"
			},
			"engines": {
				"node": ">=0.4.0"
			}
		},
		"node_modules/ansi-styles": {
			"version": "4.3.0",
			"resolved": "https://registry.npm.taobao.org/ansi-styles/download/ansi-styles-4.3.0.tgz?cache=0&sync_timestamp=1611325836307&other_urls=https%3A%2F%2Fregistry.npm.taobao.org%2Fansi-styles%2Fdownload%2Fansi-styles-4.3.0.tgz",
			"integrity": "sha1-7dgDYornHATIWuegkG7a00tkiTc=",
			"dev": true,
			"dependencies": {
				"color-convert": "^2.0.1"
			},
			"engines": {
				"node": ">=8"
			}
		},
		"node_modules/chalk": {
			"version": "4.1.0",
			"resolved": "https://registry.npm.taobao.org/chalk/download/chalk-4.1.0.tgz",
			"integrity": "sha1-ThSHCmGNni7dl92DRf2dncMVZGo=",
			"dev": true,
			"dependencies": {
				"ansi-styles": "^4.1.0",
				"supports-color": "^7.1.0"
			},
			"engines": {
				"node": ">=10"
			}
		},
		"node_modules/color-convert": {
			"version": "2.0.1",
			"resolved": "https://registry.npm.taobao.org/color-convert/download/color-convert-2.0.1.tgz",
			"integrity": "sha1-ctOmjVmMm9s68q0ehPIdiWq9TeM=",
			"dev": true,
			"dependencies": {
				"color-name": "~1.1.4"
			},
			"engines": {
				"node": ">=7.0.0"
			}
		},
		"node_modules/color-name": {
			"version": "1.1.4",
			"resolved": "https://registry.npm.taobao.org/color-name/download/color-name-1.1.4.tgz",
			"integrity": "sha1-wqCah6y95pVD3m9j+jmVyCbFNqI=",
			"dev": true
		},
		"node_modules/has-flag": {
			"version": "4.0.0",
			"resolved": "https://registry.npm.taobao.org/has-flag/download/has-flag-4.0.0.tgz",
			"integrity": "sha1-lEdx/ZyByBJlxNaUGGDaBrtZR5s=",
			"dev": true,
			"engines": {
				"node": ">=8"
			}
		},
		"node_modules/rollup": {
			"version": "1.32.1",
			"resolved": "https://registry.npm.taobao.org/rollup/download/rollup-1.32.1.tgz?cache=0&sync_timestamp=1615911627929&other_urls=https%3A%2F%2Fregistry.npm.taobao.org%2Frollup%2Fdownload%2Frollup-1.32.1.tgz",
			"integrity": "sha1-RIDlLZ2eKuS0a6DZ3erzFjlA+cQ=",
			"dev": true,
			"dependencies": {
				"@types/estree": "*",
				"@types/node": "*",
				"acorn": "^7.1.0"
			},
			"bin": {
				"rollup": "dist/bin/rollup"
			}
		},
		"node_modules/supports-color": {
			"version": "7.2.0",
			"resolved": "https://registry.npm.taobao.org/supports-color/download/supports-color-7.2.0.tgz?cache=0&sync_timestamp=1611394404603&other_urls=https%3A%2F%2Fregistry.npm.taobao.org%2Fsupports-color%2Fdownload%2Fsupports-color-7.2.0.tgz",
			"integrity": "sha1-G33NyzK4E4gBs+R4umpRyqiWSNo=",
			"dev": true,
			"dependencies": {
				"has-flag": "^4.0.0"
			},
			"engines": {
				"node": ">=8"
			}
		}
	},
	"dependencies": {
		"@types/estree": {
			"version": "0.0.46",
			"resolved": "https://registry.npm.taobao.org/@types/estree/download/@types/estree-0.0.46.tgz?cache=0&sync_timestamp=1613378493125&other_urls=https%3A%2F%2Fregistry.npm.taobao.org%2F%40types%2Festree%2Fdownload%2F%40types%2Festree-0.0.46.tgz",
			"integrity": "sha1-D7a/u+q9ejCIBQSZM2nEvx3qsf4=",
			"dev": true
		},
		"@types/node": {
			"version": "14.14.35",
			"resolved": "https://registry.npm.taobao.org/@types/node/download/@types/node-14.14.35.tgz",
			"integrity": "sha1-QslTpOKxirkx9yR35wEhcvT/oxM=",
			"dev": true
		},
		"acorn": {
			"version": "7.4.1",
			"resolved": "https://registry.npm.taobao.org/acorn/download/acorn-7.4.1.tgz?cache=0&sync_timestamp=1615305874483&other_urls=https%3A%2F%2Fregistry.npm.taobao.org%2Facorn%2Fdownload%2Facorn-7.4.1.tgz",
			"integrity": "sha1-/q7SVZc9LndVW4PbwIhRpsY1IPo=",
			"dev": true
		},
		"ansi-styles": {
			"version": "4.3.0",
			"resolved": "https://registry.npm.taobao.org/ansi-styles/download/ansi-styles-4.3.0.tgz?cache=0&sync_timestamp=1611325836307&other_urls=https%3A%2F%2Fregistry.npm.taobao.org%2Fansi-styles%2Fdownload%2Fansi-styles-4.3.0.tgz",
			"integrity": "sha1-7dgDYornHATIWuegkG7a00tkiTc=",
			"dev": true,
			"requires": {
				"color-convert": "^2.0.1"
			}
		},
		"chalk": {
			"version": "4.1.0",
			"resolved": "https://registry.npm.taobao.org/chalk/download/chalk-4.1.0.tgz",
			"integrity": "sha1-ThSHCmGNni7dl92DRf2dncMVZGo=",
			"dev": true,
			"requires": {
				"ansi-styles": "^4.1.0",
				"supports-color": "^7.1.0"
			}
		},
		"color-convert": {
			"version": "2.0.1",
			"resolved": "https://registry.npm.taobao.org/color-convert/download/color-convert-2.0.1.tgz",
			"integrity": "sha1-ctOmjVmMm9s68q0ehPIdiWq9TeM=",
			"dev": true,
			"requires": {
				"color-name": "~1.1.4"
			}
		},
		"color-name": {
			"version": "1.1.4",
			"resolved": "https://registry.npm.taobao.org/color-name/download/color-name-1.1.4.tgz",
			"integrity": "sha1-wqCah6y95pVD3m9j+jmVyCbFNqI=",
			"dev": true
		},
		"has-flag": {
			"version": "4.0.0",
			"resolved": "https://registry.npm.taobao.org/has-flag/download/has-flag-4.0.0.tgz",
			"integrity": "sha1-lEdx/ZyByBJlxNaUGGDaBrtZR5s=",
			"dev": true
		},
		"rollup": {
			"version": "1.32.1",
			"resolved": "https://registry.npm.taobao.org/rollup/download/rollup-1.32.1.tgz?cache=0&sync_timestamp=1615911627929&other_urls=https%3A%2F%2Fregistry.npm.taobao.org%2Frollup%2Fdownload%2Frollup-1.32.1.tgz",
			"integrity": "sha1-RIDlLZ2eKuS0a6DZ3erzFjlA+cQ=",
			"dev": true,
			"requires": {
				"@types/estree": "*",
				"@types/node": "*",
				"acorn": "^7.1.0"
			}
		},
		"supports-color": {
			"version": "7.2.0",
			"resolved": "https://registry.npm.taobao.org/supports-color/download/supports-color-7.2.0.tgz?cache=0&sync_timestamp=1611394404603&other_urls=https%3A%2F%2Fregistry.npm.taobao.org%2Fsupports-color%2Fdownload%2Fsupports-color-7.2.0.tgz",
			"integrity": "sha1-G33NyzK4E4gBs+R4umpRyqiWSNo=",
			"dev": true,
			"requires": {
				"has-flag": "^4.0.0"
			}
		}
	}
}
